
Microsoft Visual Studio Solution File, Format Version 12.00
# Visual Studio 15
VisualStudioVersion = 15.0.28010.2003
MinimumVisualStudioVersion = 10.0.40219.1
Project("{FAE04EC0-301F-11D3-BF4B-00C04F79EFBC}") = "Assessment", "Assessment\Assessment.csproj", "{DF75D59E-167D-4AD1-B341-7B3597D66A8A}"
EndProject
Project("{FAE04EC0-301F-11D3-BF4B-00C04F79EFBC}") = "AssessmentTests", "AssessmentTests\AssessmentTests.csproj", "{86426509-277B-42CE-8611-F6F2A19209F6}"
EndProject
Global
	GlobalSection(SolutionConfigurationPlatforms) = preSolution
		Debug|Any CPU = Debug|Any CPU
		Release|Any CPU = Release|Any CPU
	EndGlobalSection
	GlobalSection(ProjectConfigurationPlatforms) = postSolution
		{DF75D59E-167D-4AD1-B341-7B3597D66A8A}.Debug|Any CPU.ActiveCfg = Debug|Any CPU
		{DF75D59E-167D-4AD1-B341-7B3597D66A8A}.Debug|Any CPU.Build.0 = Debug|Any CPU
		{DF75D59E-167D-4AD1-B341-7B3597D66A8A}.Release|Any CPU.ActiveCfg = Release|Any CPU
		{DF75D59E-167D-4AD1-B341-7B3597D66A8A}.Release|Any CPU.Build.0 = Release|Any CPU
		{86426509-277B-42CE-8611-F6F2A19209F6}.Debug|Any CPU.ActiveCfg = Debug|Any CPU
		{86426509-277B-42CE-8611-F6F2A19209F6}.Debug|Any CPU.Build.0 = Debug|Any CPU
		{86426509-277B-42CE-8611-F6F2A19209F6}.Release|Any CPU.ActiveCfg = Release|Any CPU
		{86426509-277B-42CE-8611-F6F2A19209F6}.Release|Any CPU.Build.0 = Release|Any CPU
	EndGlobalSection
	GlobalSection(SolutionProperties) = preSolution
		HideSolutionNode = FALSE
	EndGlobalSection
	GlobalSection(ExtensibilityGlobals) = postSolution
		SolutionGuid = {333D334D-1CBB-407B-8957-439E4B6921B6}
	EndGlobalSection
EndGlobal
